
Microsoft Visual Studio Solution File, Format Version 12.00
# Visual Studio Version 17
VisualStudioVersion = 17.4.33110.190
MinimumVisualStudioVersion = 10.0.40219.1
Project("{9A19103F-16F7-4668-BE54-9A1E7A4F7556}") = "EmployeeMgmtBlazorServerApp", "EmployeeMgmtBlazorServerApp\EmployeeMgmtBlazorServerApp.csproj", "{6764E4E9-95CE-4AE4-884E-6C308FFB8147}"
EndProject
Global
	GlobalSection(SolutionConfigurationPlatforms) = preSolution
		Debug|Any CPU = Debug|Any CPU
		Release|Any CPU = Release|Any CPU
	EndGlobalSection
	GlobalSection(ProjectConfigurationPlatforms) = postSolution
		{6764E4E9-95CE-4AE4-884E-6C308FFB8147}.Debug|Any CPU.ActiveCfg = Debug|Any CPU
		{6764E4E9-95CE-4AE4-884E-6C308FFB8147}.Debug|Any CPU.Build.0 = Debug|Any CPU
		{6764E4E9-95CE-4AE4-884E-6C308FFB8147}.Release|Any CPU.ActiveCfg = Release|Any CPU
		{6764E4E9-95CE-4AE4-884E-6C308FFB8147}.Release|Any CPU.Build.0 = Release|Any CPU
	EndGlobalSection
	GlobalSection(SolutionProperties) = preSolution
		HideSolutionNode = FALSE
	EndGlobalSection
	GlobalSection(ExtensibilityGlobals) = postSolution
		SolutionGuid = {C8E5AB5B-3BFC-4DFE-BAF3-47E8A090B7FC}
	EndGlobalSection
EndGlobal
